{
  "name": "fastapi-example",
  "lockfileVersion": 3,
  "requires": true,
  "packages": {
    "": {
      "name": "fastapi-example",
      "dependencies": {
        "@modelcontextprotocol/ext-apps": "^1.0.1",
        "react": "^19.0.0",
        "react-dom": "^19.0.0"
      },
      "devDependencies": {
        "@types/react": "^19.0.0",
        "@types/react-dom": "^19.0.0"
      }
    }
  }
}
