{
  "version": "5",
  "specifiers": {
    "npm:oxfmt@0.44.0": "0.44.0",
    "npm:oxlint-tsgolint@0.20.0": "0.20.0",
    "npm:oxlint@1.59.0": "1.59.0_oxlint-tsgolint@0.20.0"
  },
  "npm": {
    "@oxfmt/binding-android-arm-eabi@0.44.0": {
      "integrity": "sha512-5UvghMd9SA/yvKTWCAxMAPXS1d2i054UeOf4iFjZjfayTwCINcC3oaSXjtbZfCaEpxgJod7XiOjTtby5yEv/BQ==",
      "os": ["android"],
      "cpu": ["arm"]
    },
    "@oxfmt/binding-android-arm64@0.44.0": {
      "integrity": "sha512-IVudM1BWfvrYO++Khtzr8q9n5Rxu7msUvoFMqzGJVdX7HfUXUDHwaH2zHZNB58svx2J56pmCUzophyaPFkcG/A==",
      "os": ["android"],
      "cpu": ["arm64"]
    },
    "@oxfmt/binding-darwin-arm64@0.44.0": {
      "integrity": "sha512-eWCLAIKAHfx88EqEP1Ga2yz7qVcqDU5lemn4xck+07bH182hDdprOHjbogyk0In1Djys3T0/pO2JepFnRJ41Mg==",
      "os": ["darwin"],
      "cpu": ["arm64"]
    },
    "@oxfmt/binding-darwin-x64@0.44.0": {
      "integrity": "sha512-eHTBznHLM49++dwz07MblQ2cOXyIgeedmE3Wgy4ptUESj38/qYZyRi1MPwC9olQJWssMeY6WI3UZ7YmU5ggvyQ==",
      "os": ["darwin"],
      "cpu": ["x64"]
    },
    "@oxfmt/binding-freebsd-x64@0.44.0": {
      "integrity": "sha512-jLMmbj0u0Ft43QpkUVr/0v1ZfQCGWAvU+WznEHcN3wZC/q6ox7XeSJtk9P36CCpiDSUf3sGnzbIuG1KdEMEDJQ==",
      "os": ["freebsd"],
      "cpu": ["x64"]
    },
    "@oxfmt/binding-linux-arm-gnueabihf@0.44.0": {
      "integrity": "sha512-n+A/u/ByK1qV8FVGOwyaSpw5NPNl0qlZfgTBqHeGIqr8Qzq1tyWZ4lAaxPoe5mZqE3w88vn3+jZtMxriHPE7tg==",
      "os": ["linux"],
      "cpu": ["arm"]
    },
    "@oxfmt/binding-linux-arm-musleabihf@0.44.0": {
      "integrity": "sha512-5eax+FkxyCqAi3Rw0mrZFr7+KTt/XweFsbALR+B5ljWBLBl8nHe4ADrUnb1gLEfQCJLl+Ca5FIVD4xEt95AwIw==",
      "os": ["linux"],
      "cpu": ["arm"]
    },
    "@oxfmt/binding-linux-arm64-gnu@0.44.0": {
      "integrity": "sha512-58l8JaHxSGOmOMOG2CIrNsnkRJAj0YcHQCmvNACniOa/vd1iRHhlPajczegzS5jwMENlqgreyiTR9iNlke8qCw==",
      "os": ["linux"],
      "cpu": ["arm64"]
    },
    "@oxfmt/binding-linux-arm64-musl@0.44.0": {
      "integrity": "sha512-AlObQIXyVRZ96LbtVljtFq0JqH5B92NU+BQeDFrXWBUWlCKAM0wF5GLfIhCLT5kQ3Sl+U0YjRJ7Alqj5hGQaCg==",
      "os": ["linux"],
      "cpu": ["arm64"]
    },
    "@oxfmt/binding-linux-ppc64-gnu@0.44.0": {
      "integrity": "sha512-YcFE8/q/BbrCiIiM5piwbkA6GwJc5QqhMQp2yDrqQ2fuVkZ7CInb1aIijZ/k8EXc72qXMSwKpVlBv1w/MsGO/A==",
      "os": ["linux"],
      "cpu": ["ppc64"]
    },
    "@oxfmt/binding-linux-riscv64-gnu@0.44.0": {
      "integrity": "sha512-eOdzs6RqkRzuqNHUX5C8ISN5xfGh4xDww8OEd9YAmc3OWN8oAe5bmlIqQ+rrHLpv58/0BuU48bxkhnIGjA/ATQ==",
      "os": ["linux"],
      "cpu": ["riscv64"]
    },
    "@oxfmt/binding-linux-riscv64-musl@0.44.0": {
      "integrity": "sha512-YBgNTxntD/QvlFUfgvh8bEdwOhXiquX8gaofZJAwYa/Xp1S1DQrFVZEeck7GFktr24DztsSp8N8WtWCBwxs0Hw==",
      "os": ["linux"],
      "cpu": ["riscv64"]
    },
    "@oxfmt/binding-linux-s390x-gnu@0.44.0": {
      "integrity": "sha512-GLIh1R6WHWshl/i4QQDNgj0WtT25aRO4HNUWEoitxiywyRdhTFmFEYT2rXlcl9U6/26vhmOqG5cRlMLG3ocaIA==",
      "os": ["linux"],
      "cpu": ["s390x"]
    },
    "@oxfmt/binding-linux-x64-gnu@0.44.0": {
      "integrity": "sha512-gZOpgTlOsLcLfAF9qgpTr7FIIFSKnQN3hDf/0JvQ4CIwMY7h+eilNjxq/CorqvYcEOu+LRt1W4ZS7KccEHLOdA==",
      "os": ["linux"],
      "cpu": ["x64"]
    },
    "@oxfmt/binding-linux-x64-musl@0.44.0": {
      "integrity": "sha512-1CyS9JTB+pCUFYFI6pkQGGZaT/AY5gnhHVrQQLhFba6idP9AzVYm1xbdWfywoldTYvjxQJV6x4SuduCIfP3W+A==",
      "os": ["linux"],
      "cpu": ["x64"]
    },
    "@oxfmt/binding-openharmony-arm64@0.44.0": {
      "integrity": "sha512-bmEv70Ak6jLr1xotCbF5TxIKjsmQaiX+jFRtnGtfA03tJPf6VG3cKh96S21boAt3JZc+Vjx8PYcDuLj39vM2Pw==",
      "os": ["openharmony"],
      "cpu": ["arm64"]
    },
    "@oxfmt/binding-win32-arm64-msvc@0.44.0": {
      "integrity": "sha512-yWzB+oCpSnP/dmw85eFLAT5o35Ve5pkGS2uF/UCISpIwDqf1xa7OpmtomiqY/Vzg8VyvMbuf6vroF2khF/+1Vg==",
      "os": ["win32"],
      "cpu": ["arm64"]
    },
    "@oxfmt/binding-win32-ia32-msvc@0.44.0": {
      "integrity": "sha512-TcWpo18xEIE3AmIG2kpr3kz5IEhQgnx0lazl2+8L+3eTopOAUevQcmlr4nhguImNWz0OMeOZrYZOhJNCf16nlQ==",
      "os": ["win32"],
      "cpu": ["ia32"]
    },
    "@oxfmt/binding-win32-x64-msvc@0.44.0": {
      "integrity": "sha512-oj8aLkPJZppIM4CMQNsyir9ybM1Xw/CfGPTSsTnzpVGyljgfbdP0EVUlURiGM0BDrmw5psQ6ArmGCcUY/yABaQ==",
      "os": ["win32"],
      "cpu": ["x64"]
    },
    "@oxlint-tsgolint/darwin-arm64@0.20.0": {
      "integrity": "sha512-KKQcIHZHMxqpHUA1VXIbOG6chNCFkUWbQy6M+AFVtPKkA/3xAeJkJ3njoV66bfzwPHRcWQO+kcj5XqtbkjakoA==",
      "os": ["darwin"],
      "cpu": ["arm64"]
    },
    "@oxlint-tsgolint/darwin-x64@0.20.0": {
      "integrity": "sha512-7HeVMuclGfG+NLZi2ybY0T4fMI7/XxO/208rJk+zEIloKkVnlh11Wd241JMGwgNFXn+MLJbOqOfojDb2Dt4L1g==",
      "os": ["darwin"],
      "cpu": ["x64"]
    },
    "@oxlint-tsgolint/linux-arm64@0.20.0": {
      "integrity": "sha512-zxhUwz+WSxE6oWlZLK2z2ps9yC6ebmgoYmjAl0Oa48+GqkZ56NVgo+wb8DURNv6xrggzHStQxqQxe3mK51HZag==",
      "os": ["linux"],
      "cpu": ["arm64"]
    },
    "@oxlint-tsgolint/linux-x64@0.20.0": {
      "integrity": "sha512-/1l6FnahC9im8PK+Ekkx/V3yetO/PzZnJegE2FXcv/iXEhbeVxP/ouiTYcUQu9shT1FWJCSNti1VJHH+21Y1dg==",
      "os": ["linux"],
      "cpu": ["x64"]
    },
    "@oxlint-tsgolint/win32-arm64@0.20.0": {
      "integrity": "sha512-oPZ5Yz8sVdo7P/5q+i3IKeix31eFZ55JAPa1+RGPoe9PoaYVsdMvR6Jvib6YtrqoJnFPlg3fjEjlEPL8VBKYJA==",
      "os": ["win32"],
      "cpu": ["arm64"]
    },
    "@oxlint-tsgolint/win32-x64@0.20.0": {
      "integrity": "sha512-4stx8RHj3SP9vQyRF/yZbz5igtPvYMEUR8CUoha4BVNZihi39DpCR8qkU7lpjB5Ga1DRMo2pHaA4bdTOMaY4mw==",
      "os": ["win32"],
      "cpu": ["x64"]
    },
    "@oxlint/binding-android-arm-eabi@1.59.0": {
      "integrity": "sha512-etYDw/UaEv936AQUd/CRMBVd+e+XuuU6wC+VzOv1STvsTyZenLChepLWqLtnyTTp4YMlM22ypzogDDwqYxv5cg==",
      "os": ["android"],
      "cpu": ["arm"]
    },
    "@oxlint/binding-android-arm64@1.59.0": {
      "integrity": "sha512-TgLc7XVLKH2a4h8j3vn1MDjfK33i9MY60f/bKhRGWyVzbk5LCZ4X01VZG7iHrMmi5vYbAp8//Ponigx03CLsdw==",
      "os": ["android"],
      "cpu": ["arm64"]
    },
    "@oxlint/binding-darwin-arm64@1.59.0": {
      "integrity": "sha512-DXyFPf5ZKldMLloRHx/B9fsxsiTQomaw7cmEW3YIJko2HgCh+GUhp9gGYwHrqlLJPsEe3dYj9JebjX92D3j3AA==",
      "os": ["darwin"],
      "cpu": ["arm64"]
    },
    "@oxlint/binding-darwin-x64@1.59.0": {
      "integrity": "sha512-LgvrsdgVLX1qWqIEmNsSmMXJhpAWdtUQ0M+oR0CySwi+9IHWyOGuIL8w8+u/kbZNMyZr4WUyYB5i0+D+AKgkLg==",
      "os": ["darwin"],
      "cpu": ["x64"]
    },
    "@oxlint/binding-freebsd-x64@1.59.0": {
      "integrity": "sha512-bOJhqX/ny4hrFuTPlyk8foSRx/vLRpxJh0jOOKN2NWW6FScXHPAA5rQbrwdQPcgGB5V8Ua51RS03fke8ssBcug==",
      "os": ["freebsd"],
      "cpu": ["x64"]
    },
    "@oxlint/binding-linux-arm-gnueabihf@1.59.0": {
      "integrity": "sha512-vVUXxYMF9trXCsz4m9H6U0IjehosVHxBzVgJUxly1uz4W1PdDyicaBnpC0KRXsHYretLVe+uS9pJy8iM57Kujw==",
      "os": ["linux"],
      "cpu": ["arm"]
    },
    "@oxlint/binding-linux-arm-musleabihf@1.59.0": {
      "integrity": "sha512-TULQW8YBPGRWg5yZpFPL54HLOnJ3/HiX6VenDPi6YfxB/jlItwSMFh3/hCeSNbh+DAMaE1Py0j5MOaivHkI/9Q==",
      "os": ["linux"],
      "cpu": ["arm"]
    },
    "@oxlint/binding-linux-arm64-gnu@1.59.0": {
      "integrity": "sha512-Gt54Y4eqSgYJ90xipm24xeyaPV854706o/kiT8oZvUt3VDY7qqxdqyGqchMaujd87ib+/MXvnl9WkK8Cc1BExg==",
      "os": ["linux"],
      "cpu": ["arm64"]
    },
    "@oxlint/binding-linux-arm64-musl@1.59.0": {
      "integrity": "sha512-3CtsKp7NFB3OfqQzbuAecrY7GIZeiv7AD+xutU4tefVQzlfmTI7/ygWLrvkzsDEjTlMq41rYHxgsn6Yh8tybmA==",
      "os": ["linux"],
      "cpu": ["arm64"]
    },
    "@oxlint/binding-linux-ppc64-gnu@1.59.0": {
      "integrity": "sha512-K0diOpT3ncDmOfl9I1HuvpEsAuTxkts0VYwIv/w6Xiy9CdwyPBVX88Ga9l8VlGgMrwBMnSY4xIvVlVY/fkQk7Q==",
      "os": ["linux"],
      "cpu": ["ppc64"]
    },
    "@oxlint/binding-linux-riscv64-gnu@1.59.0": {
      "integrity": "sha512-xAU7+QDU6kTJJ7mJLOGgo7oOjtAtkKyFZ0Yjdb5cEo3DiCCPFLvyr08rWiQh6evZ7RiUTf+o65NY/bqttzJiQQ==",
      "os": ["linux"],
      "cpu": ["riscv64"]
    },
    "@oxlint/binding-linux-riscv64-musl@1.59.0": {
      "integrity": "sha512-KUmZmKlTTyauOnvUNVxK7G40sSSx0+w5l1UhaGsC6KPpOYHenx2oqJTnabmpLJicok7IC+3Y6fXAUOMyexaeJQ==",
      "os": ["linux"],
      "cpu": ["riscv64"]
    },
    "@oxlint/binding-linux-s390x-gnu@1.59.0": {
      "integrity": "sha512-4usRxC8gS0PGdkHnRmwJt/4zrQNZyk6vL0trCxwZSsAKM+OxhB8nKiR+mhjdBbl8lbMh2gc3bZpNN/ik8c4c2A==",
      "os": ["linux"],
      "cpu": ["s390x"]
    },
    "@oxlint/binding-linux-x64-gnu@1.59.0": {
      "integrity": "sha512-s/rNE2gDmbwAOOP493xk2X7M8LZfI1LJFSSW1+yanz3vuQCFPiHkx4GY+O1HuLUDtkzGlhtMrIcxxzyYLv308w==",
      "os": ["linux"],
      "cpu": ["x64"]
    },
    "@oxlint/binding-linux-x64-musl@1.59.0": {
      "integrity": "sha512-+yYj1udJa2UvvIUmEm0IcKgc0UlPMgz0nsSTvkPL2y6n0uU5LgIHSwVu4AHhrve6j9BpVSoRksnz8c9QcvITJA==",
      "os": ["linux"],
      "cpu": ["x64"]
    },
    "@oxlint/binding-openharmony-arm64@1.59.0": {
      "integrity": "sha512-bUplUb48LYsB3hHlQXP2ZMOenpieWoOyppLAnnAhuPag3MGPnt+7caxE3w/Vl9wpQsTA3gzLntQi9rxWrs7Xqg==",
      "os": ["openharmony"],
      "cpu": ["arm64"]
    },
    "@oxlint/binding-win32-arm64-msvc@1.59.0": {
      "integrity": "sha512-/HLsLuz42rWl7h7ePdmMTpHm2HIDmPtcEMYgm5BBEHiEiuNOrzMaUpd2z7UnNni5LGN9obJy2YoAYBLXQwazrA==",
      "os": ["win32"],
      "cpu": ["arm64"]
    },
    "@oxlint/binding-win32-ia32-msvc@1.59.0": {
      "integrity": "sha512-rUPy+JnanpPwV/aJCPnxAD1fW50+XPI0VkWr7f0vEbqcdsS8NpB24Rw6RsS7SdpFv8Dw+8ugCwao5nCFbqOUSg==",
      "os": ["win32"],
      "cpu": ["ia32"]
    },
    "@oxlint/binding-win32-x64-msvc@1.59.0": {
      "integrity": "sha512-xkE7puteDS/vUyRngLXW0t8WgdWoS/tfxXjhP/P7SMqPDx+hs44SpssO3h3qmTqECYEuXBUPzcAw5257Ka+ofA==",
      "os": ["win32"],
      "cpu": ["x64"]
    },
    "oxfmt@0.44.0": {
      "integrity": "sha512-lnncqvHewyRvaqdrnntVIrZV2tEddz8lbvPsQzG/zlkfvgZkwy0HP1p/2u1aCDToeg1jb9zBpbJdfkV73Itw+w==",
      "dependencies": [
        "tinypool"
      ],
      "optionalDependencies": [
        "@oxfmt/binding-android-arm-eabi",
        "@oxfmt/binding-android-arm64",
        "@oxfmt/binding-darwin-arm64",
        "@oxfmt/binding-darwin-x64",
        "@oxfmt/binding-freebsd-x64",
        "@oxfmt/binding-linux-arm-gnueabihf",
        "@oxfmt/binding-linux-arm-musleabihf",
        "@oxfmt/binding-linux-arm64-gnu",
        "@oxfmt/binding-linux-arm64-musl",
        "@oxfmt/binding-linux-ppc64-gnu",
        "@oxfmt/binding-linux-riscv64-gnu",
        "@oxfmt/binding-linux-riscv64-musl",
        "@oxfmt/binding-linux-s390x-gnu",
        "@oxfmt/binding-linux-x64-gnu",
        "@oxfmt/binding-linux-x64-musl",
        "@oxfmt/binding-openharmony-arm64",
        "@oxfmt/binding-win32-arm64-msvc",
        "@oxfmt/binding-win32-ia32-msvc",
        "@oxfmt/binding-win32-x64-msvc"
      ],
      "bin": true
    },
    "oxlint-tsgolint@0.20.0": {
      "integrity": "sha512-/Uc9TQyN1l8w9QNvXtVHYtz+SzDJHKpb5X0UnHodl0BVzijUPk0LPlDOHAvogd1UI+iy9ZSF6gQxEqfzUxCULQ==",
      "optionalDependencies": [
        "@oxlint-tsgolint/darwin-arm64",
        "@oxlint-tsgolint/darwin-x64",
        "@oxlint-tsgolint/linux-arm64",
        "@oxlint-tsgolint/linux-x64",
        "@oxlint-tsgolint/win32-arm64",
        "@oxlint-tsgolint/win32-x64"
      ],
      "bin": true
    },
    "oxlint@1.59.0_oxlint-tsgolint@0.20.0": {
      "integrity": "sha512-0xBLeGGjP4vD9pygRo8iuOkOzEU1MqOnfiOl7KYezL/QvWL8NUg6n03zXc7ZVqltiOpUxBk2zgHI3PnRIEdAvw==",
      "dependencies": [
        "oxlint-tsgolint"
      ],
      "optionalDependencies": [
        "@oxlint/binding-android-arm-eabi",
        "@oxlint/binding-android-arm64",
        "@oxlint/binding-darwin-arm64",
        "@oxlint/binding-darwin-x64",
        "@oxlint/binding-freebsd-x64",
        "@oxlint/binding-linux-arm-gnueabihf",
        "@oxlint/binding-linux-arm-musleabihf",
        "@oxlint/binding-linux-arm64-gnu",
        "@oxlint/binding-linux-arm64-musl",
        "@oxlint/binding-linux-ppc64-gnu",
        "@oxlint/binding-linux-riscv64-gnu",
        "@oxlint/binding-linux-riscv64-musl",
        "@oxlint/binding-linux-s390x-gnu",
        "@oxlint/binding-linux-x64-gnu",
        "@oxlint/binding-linux-x64-musl",
        "@oxlint/binding-openharmony-arm64",
        "@oxlint/binding-win32-arm64-msvc",
        "@oxlint/binding-win32-ia32-msvc",
        "@oxlint/binding-win32-x64-msvc"
      ],
      "optionalPeers": [
        "oxlint-tsgolint"
      ],
      "bin": true
    },
    "tinypool@2.1.0": {
      "integrity": "sha512-Pugqs6M0m7Lv1I7FtxN4aoyToKg1C4tu+/381vH35y8oENM/Ai7f7C4StcoK4/+BSw9ebcS8jRiVrORFKCALLw=="
    }
  },
  "workspace": {
    "packageJson": {
      "dependencies": [
        "npm:oxfmt@0.44.0",
        "npm:oxlint-tsgolint@0.20.0",
        "npm:oxlint@1.59.0"
      ]
    }
  }
}
